
Microsoft Visual Studio Solution File, Format Version 12.00
# Visual Studio Version 17
VisualStudioVersion = 17.12.35707.178
MinimumVisualStudioVersion = 10.0.40219.1
Project("{FAE04EC0-301F-11D3-BF4B-00C04F79EFBC}") = "01.EqualArrays", "01.EqualArrays\01.EqualArrays.csproj", "{42B94629-636F-45D5-888C-5CF6410D405D}"
EndProject
Project("{FAE04EC0-301F-11D3-BF4B-00C04F79EFBC}") = "02.CommonElements", "02.CommonElements\02.CommonElements.csproj", "{4A5C6392-45A6-4817-8DA2-3276FA464E44}"
EndProject
Project("{FAE04EC0-301F-11D3-BF4B-00C04F79EFBC}") = "03.CondenseArrayToNumber", "03.CondenseArrayToNumber\03.CondenseArrayToNumber.csproj", "{09C20279-BEC6-4239-8087-373779D6AC61}"
EndProject
Project("{FAE04EC0-301F-11D3-BF4B-00C04F79EFBC}") = "04.MagicSum", "04.MagicSum\04.MagicSum.csproj", "{1843E240-36A7-49BB-877C-DE061698CA78}"
EndProject
Project("{FAE04EC0-301F-11D3-BF4B-00C04F79EFBC}") = "05.ZigZagArrays", "05.ZigZagArrays\05.ZigZagArrays.csproj", "{2B24CDA8-FDF8-4171-9ADF-A67D32D23373}"
EndProject
Project("{FAE04EC0-301F-11D3-BF4B-00C04F79EFBC}") = "06.ArrayRotation", "06.ArrayRotation\06.ArrayRotation.csproj", "{45B84D22-FEDB-41E1-86B4-87BCBBB31DEB}"
EndProject
Project("{FAE04EC0-301F-11D3-BF4B-00C04F79EFBC}") = "07.TopIntegers", "07.TopIntegers\07.TopIntegers.csproj", "{D2FB445B-4BE3-4DC3-9DE2-EBB519BC364E}"
EndProject
Global
	GlobalSection(SolutionConfigurationPlatforms) = preSolution
		Debug|Any CPU = Debug|Any CPU
		Release|Any CPU = Release|Any CPU
	EndGlobalSection
	GlobalSection(ProjectConfigurationPlatforms) = postSolution
		{42B94629-636F-45D5-888C-5CF6410D405D}.Debug|Any CPU.ActiveCfg = Debug|Any CPU
		{42B94629-636F-45D5-888C-5CF6410D405D}.Debug|Any CPU.Build.0 = Debug|Any CPU
		{42B94629-636F-45D5-888C-5CF6410D405D}.Release|Any CPU.ActiveCfg = Release|Any CPU
		{42B94629-636F-45D5-888C-5CF6410D405D}.Release|Any CPU.Build.0 = Release|Any CPU
		{4A5C6392-45A6-4817-8DA2-3276FA464E44}.Debug|Any CPU.ActiveCfg = Debug|Any CPU
		{4A5C6392-45A6-4817-8DA2-3276FA464E44}.Debug|Any CPU.Build.0 = Debug|Any CPU
		{4A5C6392-45A6-4817-8DA2-3276FA464E44}.Release|Any CPU.ActiveCfg = Release|Any CPU
		{4A5C6392-45A6-4817-8DA2-3276FA464E44}.Release|Any CPU.Build.0 = Release|Any CPU
		{09C20279-BEC6-4239-8087-373779D6AC61}.Debug|Any CPU.ActiveCfg = Debug|Any CPU
		{09C20279-BEC6-4239-8087-373779D6AC61}.Debug|Any CPU.Build.0 = Debug|Any CPU
		{09C20279-BEC6-4239-8087-373779D6AC61}.Release|Any CPU.ActiveCfg = Release|Any CPU
		{09C20279-BEC6-4239-8087-373779D6AC61}.Release|Any CPU.Build.0 = Release|Any CPU
		{1843E240-36A7-49BB-877C-DE061698CA78}.Debug|Any CPU.ActiveCfg = Debug|Any CPU
		{1843E240-36A7-49BB-877C-DE061698CA78}.Debug|Any CPU.Build.0 = Debug|Any CPU
		{1843E240-36A7-49BB-877C-DE061698CA78}.Release|Any CPU.ActiveCfg = Release|Any CPU
		{1843E240-36A7-49BB-877C-DE061698CA78}.Release|Any CPU.Build.0 = Release|Any CPU
		{2B24CDA8-FDF8-4171-9ADF-A67D32D23373}.Debug|Any CPU.ActiveCfg = Debug|Any CPU
		{2B24CDA8-FDF8-4171-9ADF-A67D32D23373}.Debug|Any CPU.Build.0 = Debug|Any CPU
		{2B24CDA8-FDF8-4171-9ADF-A67D32D23373}.Release|Any CPU.ActiveCfg = Release|Any CPU
		{2B24CDA8-FDF8-4171-9ADF-A67D32D23373}.Release|Any CPU.Build.0 = Release|Any CPU
		{45B84D22-FEDB-41E1-86B4-87BCBBB31DEB}.Debug|Any CPU.ActiveCfg = Debug|Any CPU
		{45B84D22-FEDB-41E1-86B4-87BCBBB31DEB}.Debug|Any CPU.Build.0 = Debug|Any CPU
		{45B84D22-FEDB-41E1-86B4-87BCBBB31DEB}.Release|Any CPU.ActiveCfg = Release|Any CPU
		{45B84D22-FEDB-41E1-86B4-87BCBBB31DEB}.Release|Any CPU.Build.0 = Release|Any CPU
		{D2FB445B-4BE3-4DC3-9DE2-EBB519BC364E}.Debug|Any CPU.ActiveCfg = Debug|Any CPU
		{D2FB445B-4BE3-4DC3-9DE2-EBB519BC364E}.Debug|Any CPU.Build.0 = Debug|Any CPU
		{D2FB445B-4BE3-4DC3-9DE2-EBB519BC364E}.Release|Any CPU.ActiveCfg = Release|Any CPU
		{D2FB445B-4BE3-4DC3-9DE2-EBB519BC364E}.Release|Any CPU.Build.0 = Release|Any CPU
	EndGlobalSection
	GlobalSection(SolutionProperties) = preSolution
		HideSolutionNode = FALSE
	EndGlobalSection
EndGlobal
