
Microsoft Visual Studio Solution File, Format Version 12.00
# Visual Studio Version 17
VisualStudioVersion = 17.12.35707.178 d17.12
MinimumVisualStudioVersion = 10.0.40219.1
Project("{FAE04EC0-301F-11D3-BF4B-00C04F79EFBC}") = "01.DayOfWeek", "01.DayOfWeek\01.DayOfWeek.csproj", "{AD045FBE-1261-4112-90DC-FF23663FD982}"
EndProject
Project("{FAE04EC0-301F-11D3-BF4B-00C04F79EFBC}") = "02.SumAnArray", "02.SumAnArray\02.SumAnArray.csproj", "{442C3F08-26FA-4214-BD46-11251E1507B3}"
EndProject
Project("{FAE04EC0-301F-11D3-BF4B-00C04F79EFBC}") = "03.ReverseAnArray", "03.ReverseAnArray\03.ReverseAnArray.csproj", "{8A9EE8F5-7DEA-48E2-A39C-C715F9CADE6E}"
EndProject
Project("{FAE04EC0-301F-11D3-BF4B-00C04F79EFBC}") = "04.EvenAndOddSubtraction", "04.EvenAndOddSubtraction\04.EvenAndOddSubtraction.csproj", "{18FA9B5B-09DB-4146-BAED-B713BC189F54}"
EndProject
Global
	GlobalSection(SolutionConfigurationPlatforms) = preSolution
		Debug|Any CPU = Debug|Any CPU
		Release|Any CPU = Release|Any CPU
	EndGlobalSection
	GlobalSection(ProjectConfigurationPlatforms) = postSolution
		{AD045FBE-1261-4112-90DC-FF23663FD982}.Debug|Any CPU.ActiveCfg = Debug|Any CPU
		{AD045FBE-1261-4112-90DC-FF23663FD982}.Debug|Any CPU.Build.0 = Debug|Any CPU
		{AD045FBE-1261-4112-90DC-FF23663FD982}.Release|Any CPU.ActiveCfg = Release|Any CPU
		{AD045FBE-1261-4112-90DC-FF23663FD982}.Release|Any CPU.Build.0 = Release|Any CPU
		{442C3F08-26FA-4214-BD46-11251E1507B3}.Debug|Any CPU.ActiveCfg = Debug|Any CPU
		{442C3F08-26FA-4214-BD46-11251E1507B3}.Debug|Any CPU.Build.0 = Debug|Any CPU
		{442C3F08-26FA-4214-BD46-11251E1507B3}.Release|Any CPU.ActiveCfg = Release|Any CPU
		{442C3F08-26FA-4214-BD46-11251E1507B3}.Release|Any CPU.Build.0 = Release|Any CPU
		{8A9EE8F5-7DEA-48E2-A39C-C715F9CADE6E}.Debug|Any CPU.ActiveCfg = Debug|Any CPU
		{8A9EE8F5-7DEA-48E2-A39C-C715F9CADE6E}.Debug|Any CPU.Build.0 = Debug|Any CPU
		{8A9EE8F5-7DEA-48E2-A39C-C715F9CADE6E}.Release|Any CPU.ActiveCfg = Release|Any CPU
		{8A9EE8F5-7DEA-48E2-A39C-C715F9CADE6E}.Release|Any CPU.Build.0 = Release|Any CPU
		{18FA9B5B-09DB-4146-BAED-B713BC189F54}.Debug|Any CPU.ActiveCfg = Debug|Any CPU
		{18FA9B5B-09DB-4146-BAED-B713BC189F54}.Debug|Any CPU.Build.0 = Debug|Any CPU
		{18FA9B5B-09DB-4146-BAED-B713BC189F54}.Release|Any CPU.ActiveCfg = Release|Any CPU
		{18FA9B5B-09DB-4146-BAED-B713BC189F54}.Release|Any CPU.Build.0 = Release|Any CPU
	EndGlobalSection
	GlobalSection(SolutionProperties) = preSolution
		HideSolutionNode = FALSE
	EndGlobalSection
EndGlobal
