
Microsoft Visual Studio Solution File, Format Version 12.00
# Visual Studio Version 17
VisualStudioVersion = 17.12.35707.178 d17.12
MinimumVisualStudioVersion = 10.0.40219.1
Project("{FAE04EC0-301F-11D3-BF4B-00C04F79EFBC}") = "01.Numbers1To100", "01.Numbers1To100\01.Numbers1To100.csproj", "{3FE4EFFD-DA7B-46FF-9A0A-27952AA5AF9F}"
EndProject
Project("{FAE04EC0-301F-11D3-BF4B-00C04F79EFBC}") = "02.DecreasingNumbers", "02.DecreasingNumbers\02.DecreasingNumbers.csproj", "{8A9762CE-2F84-4612-B9A0-964ADB83EA22}"
EndProject
Project("{FAE04EC0-301F-11D3-BF4B-00C04F79EFBC}") = "03.OddNumber", "03.OddNumber\03.OddNumber.csproj", "{4A06F072-5C1F-4044-8ED0-B92C6A0E65D0}"
EndProject
Project("{FAE04EC0-301F-11D3-BF4B-00C04F79EFBC}") = "04.Sequence2k+1", "04.Sequence2k+1\04.Sequence2k+1.csproj", "{0827B21A-2F35-4D06-9A22-CCE486BC237F}"
EndProject
Project("{FAE04EC0-301F-11D3-BF4B-00C04F79EFBC}") = "05.SumDigits", "05.SumDigits\05.SumDigits.csproj", "{87495561-2F61-4B88-AC84-E29AEF83A335}"
EndProject
Project("{FAE04EC0-301F-11D3-BF4B-00C04F79EFBC}") = "06.NumberInRange", "06.NumberInRange\06.NumberInRange.csproj", "{C52B7028-D0B4-421D-8FDB-57D67C7DE32C}"
EndProject
Project("{FAE04EC0-301F-11D3-BF4B-00C04F79EFBC}") = "07.NumberProcessor", "07.NumberProcessor\07.NumberProcessor.csproj", "{253D3492-DCCC-4ED8-BE38-6F178866C515}"
EndProject
Global
	GlobalSection(SolutionConfigurationPlatforms) = preSolution
		Debug|Any CPU = Debug|Any CPU
		Release|Any CPU = Release|Any CPU
	EndGlobalSection
	GlobalSection(ProjectConfigurationPlatforms) = postSolution
		{3FE4EFFD-DA7B-46FF-9A0A-27952AA5AF9F}.Debug|Any CPU.ActiveCfg = Debug|Any CPU
		{3FE4EFFD-DA7B-46FF-9A0A-27952AA5AF9F}.Debug|Any CPU.Build.0 = Debug|Any CPU
		{3FE4EFFD-DA7B-46FF-9A0A-27952AA5AF9F}.Release|Any CPU.ActiveCfg = Release|Any CPU
		{3FE4EFFD-DA7B-46FF-9A0A-27952AA5AF9F}.Release|Any CPU.Build.0 = Release|Any CPU
		{8A9762CE-2F84-4612-B9A0-964ADB83EA22}.Debug|Any CPU.ActiveCfg = Debug|Any CPU
		{8A9762CE-2F84-4612-B9A0-964ADB83EA22}.Debug|Any CPU.Build.0 = Debug|Any CPU
		{8A9762CE-2F84-4612-B9A0-964ADB83EA22}.Release|Any CPU.ActiveCfg = Release|Any CPU
		{8A9762CE-2F84-4612-B9A0-964ADB83EA22}.Release|Any CPU.Build.0 = Release|Any CPU
		{4A06F072-5C1F-4044-8ED0-B92C6A0E65D0}.Debug|Any CPU.ActiveCfg = Debug|Any CPU
		{4A06F072-5C1F-4044-8ED0-B92C6A0E65D0}.Debug|Any CPU.Build.0 = Debug|Any CPU
		{4A06F072-5C1F-4044-8ED0-B92C6A0E65D0}.Release|Any CPU.ActiveCfg = Release|Any CPU
		{4A06F072-5C1F-4044-8ED0-B92C6A0E65D0}.Release|Any CPU.Build.0 = Release|Any CPU
		{0827B21A-2F35-4D06-9A22-CCE486BC237F}.Debug|Any CPU.ActiveCfg = Debug|Any CPU
		{0827B21A-2F35-4D06-9A22-CCE486BC237F}.Debug|Any CPU.Build.0 = Debug|Any CPU
		{0827B21A-2F35-4D06-9A22-CCE486BC237F}.Release|Any CPU.ActiveCfg = Release|Any CPU
		{0827B21A-2F35-4D06-9A22-CCE486BC237F}.Release|Any CPU.Build.0 = Release|Any CPU
		{87495561-2F61-4B88-AC84-E29AEF83A335}.Debug|Any CPU.ActiveCfg = Debug|Any CPU
		{87495561-2F61-4B88-AC84-E29AEF83A335}.Debug|Any CPU.Build.0 = Debug|Any CPU
		{87495561-2F61-4B88-AC84-E29AEF83A335}.Release|Any CPU.ActiveCfg = Release|Any CPU
		{87495561-2F61-4B88-AC84-E29AEF83A335}.Release|Any CPU.Build.0 = Release|Any CPU
		{C52B7028-D0B4-421D-8FDB-57D67C7DE32C}.Debug|Any CPU.ActiveCfg = Debug|Any CPU
		{C52B7028-D0B4-421D-8FDB-57D67C7DE32C}.Debug|Any CPU.Build.0 = Debug|Any CPU
		{C52B7028-D0B4-421D-8FDB-57D67C7DE32C}.Release|Any CPU.ActiveCfg = Release|Any CPU
		{C52B7028-D0B4-421D-8FDB-57D67C7DE32C}.Release|Any CPU.Build.0 = Release|Any CPU
		{253D3492-DCCC-4ED8-BE38-6F178866C515}.Debug|Any CPU.ActiveCfg = Debug|Any CPU
		{253D3492-DCCC-4ED8-BE38-6F178866C515}.Debug|Any CPU.Build.0 = Debug|Any CPU
		{253D3492-DCCC-4ED8-BE38-6F178866C515}.Release|Any CPU.ActiveCfg = Release|Any CPU
		{253D3492-DCCC-4ED8-BE38-6F178866C515}.Release|Any CPU.Build.0 = Release|Any CPU
	EndGlobalSection
	GlobalSection(SolutionProperties) = preSolution
		HideSolutionNode = FALSE
	EndGlobalSection
EndGlobal
