
Microsoft Visual Studio Solution File, Format Version 12.00
# Visual Studio Version 17
VisualStudioVersion = 17.12.35707.178
MinimumVisualStudioVersion = 10.0.40219.1
Project("{FAE04EC0-301F-11D3-BF4B-00C04F79EFBC}") = "01.PowerOfNumber", "01.PowerOfNumber\01.PowerOfNumber.csproj", "{FBAEC35F-D6D0-4F30-8119-3011E635499E}"
EndProject
Project("{FAE04EC0-301F-11D3-BF4B-00C04F79EFBC}") = "02.MultiplicationTable", "02.MultiplicationTable\02.MultiplicationTable.csproj", "{B95EC602-C7D4-4AA2-B4F5-AA89242CDA56}"
EndProject
Project("{FAE04EC0-301F-11D3-BF4B-00C04F79EFBC}") = "03.BiggestNumber", "03.BiggestNumber\03.BiggestNumber.csproj", "{1C2BA267-E085-4097-8916-13F460FF54D4}"
EndProject
Project("{FAE04EC0-301F-11D3-BF4B-00C04F79EFBC}") = "04.VowelSum", "04.VowelSum\04.VowelSum.csproj", "{FF582DAE-F9BC-4208-8116-2ABCB410EBF8}"
EndProject
Project("{FAE04EC0-301F-11D3-BF4B-00C04F79EFBC}") = "05.DivisionTo2,3and4", "05.DivisionTo2,3and4\05.DivisionTo2,3and4.csproj", "{FFD20915-1986-4EB6-A5C3-265E67643250}"
EndProject
Project("{FAE04EC0-301F-11D3-BF4B-00C04F79EFBC}") = "06.SpecialNumber", "06.SpecialNumber\06.SpecialNumber.csproj", "{91C76B4B-4554-41E8-80BA-2509F6736E4D}"
EndProject
Project("{FAE04EC0-301F-11D3-BF4B-00C04F79EFBC}") = "07.SpecialBonus", "07.SpecialBonus\07.SpecialBonus.csproj", "{5B08701D-8481-4B1F-AF17-796F13810C1B}"
EndProject
Project("{FAE04EC0-301F-11D3-BF4B-00C04F79EFBC}") = "08.AccountBalance", "08.AccountBalance\08.AccountBalance.csproj", "{A69CFC84-B2A7-4668-9918-4A91654C2F83}"
EndProject
Global
	GlobalSection(SolutionConfigurationPlatforms) = preSolution
		Debug|Any CPU = Debug|Any CPU
		Release|Any CPU = Release|Any CPU
	EndGlobalSection
	GlobalSection(ProjectConfigurationPlatforms) = postSolution
		{FBAEC35F-D6D0-4F30-8119-3011E635499E}.Debug|Any CPU.ActiveCfg = Debug|Any CPU
		{FBAEC35F-D6D0-4F30-8119-3011E635499E}.Debug|Any CPU.Build.0 = Debug|Any CPU
		{FBAEC35F-D6D0-4F30-8119-3011E635499E}.Release|Any CPU.ActiveCfg = Release|Any CPU
		{FBAEC35F-D6D0-4F30-8119-3011E635499E}.Release|Any CPU.Build.0 = Release|Any CPU
		{B95EC602-C7D4-4AA2-B4F5-AA89242CDA56}.Debug|Any CPU.ActiveCfg = Debug|Any CPU
		{B95EC602-C7D4-4AA2-B4F5-AA89242CDA56}.Debug|Any CPU.Build.0 = Debug|Any CPU
		{B95EC602-C7D4-4AA2-B4F5-AA89242CDA56}.Release|Any CPU.ActiveCfg = Release|Any CPU
		{B95EC602-C7D4-4AA2-B4F5-AA89242CDA56}.Release|Any CPU.Build.0 = Release|Any CPU
		{1C2BA267-E085-4097-8916-13F460FF54D4}.Debug|Any CPU.ActiveCfg = Debug|Any CPU
		{1C2BA267-E085-4097-8916-13F460FF54D4}.Debug|Any CPU.Build.0 = Debug|Any CPU
		{1C2BA267-E085-4097-8916-13F460FF54D4}.Release|Any CPU.ActiveCfg = Release|Any CPU
		{1C2BA267-E085-4097-8916-13F460FF54D4}.Release|Any CPU.Build.0 = Release|Any CPU
		{FF582DAE-F9BC-4208-8116-2ABCB410EBF8}.Debug|Any CPU.ActiveCfg = Debug|Any CPU
		{FF582DAE-F9BC-4208-8116-2ABCB410EBF8}.Debug|Any CPU.Build.0 = Debug|Any CPU
		{FF582DAE-F9BC-4208-8116-2ABCB410EBF8}.Release|Any CPU.ActiveCfg = Release|Any CPU
		{FF582DAE-F9BC-4208-8116-2ABCB410EBF8}.Release|Any CPU.Build.0 = Release|Any CPU
		{FFD20915-1986-4EB6-A5C3-265E67643250}.Debug|Any CPU.ActiveCfg = Debug|Any CPU
		{FFD20915-1986-4EB6-A5C3-265E67643250}.Debug|Any CPU.Build.0 = Debug|Any CPU
		{FFD20915-1986-4EB6-A5C3-265E67643250}.Release|Any CPU.ActiveCfg = Release|Any CPU
		{FFD20915-1986-4EB6-A5C3-265E67643250}.Release|Any CPU.Build.0 = Release|Any CPU
		{91C76B4B-4554-41E8-80BA-2509F6736E4D}.Debug|Any CPU.ActiveCfg = Debug|Any CPU
		{91C76B4B-4554-41E8-80BA-2509F6736E4D}.Debug|Any CPU.Build.0 = Debug|Any CPU
		{91C76B4B-4554-41E8-80BA-2509F6736E4D}.Release|Any CPU.ActiveCfg = Release|Any CPU
		{91C76B4B-4554-41E8-80BA-2509F6736E4D}.Release|Any CPU.Build.0 = Release|Any CPU
		{5B08701D-8481-4B1F-AF17-796F13810C1B}.Debug|Any CPU.ActiveCfg = Debug|Any CPU
		{5B08701D-8481-4B1F-AF17-796F13810C1B}.Debug|Any CPU.Build.0 = Debug|Any CPU
		{5B08701D-8481-4B1F-AF17-796F13810C1B}.Release|Any CPU.ActiveCfg = Release|Any CPU
		{5B08701D-8481-4B1F-AF17-796F13810C1B}.Release|Any CPU.Build.0 = Release|Any CPU
		{A69CFC84-B2A7-4668-9918-4A91654C2F83}.Debug|Any CPU.ActiveCfg = Debug|Any CPU
		{A69CFC84-B2A7-4668-9918-4A91654C2F83}.Debug|Any CPU.Build.0 = Debug|Any CPU
		{A69CFC84-B2A7-4668-9918-4A91654C2F83}.Release|Any CPU.ActiveCfg = Release|Any CPU
		{A69CFC84-B2A7-4668-9918-4A91654C2F83}.Release|Any CPU.Build.0 = Release|Any CPU
	EndGlobalSection
	GlobalSection(SolutionProperties) = preSolution
		HideSolutionNode = FALSE
	EndGlobalSection
EndGlobal
